// !$*UTF8*$!
{
	archiveVersion = 1;
	classes = {
	};
	objectVersion = 51;
	objects = {

/* Begin PBXBuildFile section */
		1DAA5F5CD058E5B7A04B06C0 /* iOSAppTemplateUITests.swift in Sources */ = {isa = PBXBuildFile; fileRef = A493C026173A749DD0176C42 /* iOSAppTemplateUITests.swift */; };
		436C947B3EB8CFA601A1FB83 /* SceneDelegate.swift in Sources */ = {isa = PBXBuildFile; fileRef = BB2E54E33F423F22B68C0907 /* SceneDelegate.swift */; };
		58728DE0E0AFCB5964F96ABF /* iOSAppTemplateUITestsLaunchTests.swift in Sources */ = {isa = PBXBuildFile; fileRef = 2EAEF0ACB288F8F30EA4834F /* iOSAppTemplateUITestsLaunchTests.swift */; };
		6636AD9DFB5328619301FD43 /* Assets.xcassets in Resources */ = {isa = PBXBuildFile; fileRef = F9EE0325CA58B8C3A8F5F467 /* Assets.xcassets */; };
		71E9BAD1A9BD8BB30332052A /* AppDelegate.swift in Sources */ = {isa = PBXBuildFile; fileRef = 86ADB87F4E1310D318669ADD /* AppDelegate.swift */; };
		B9D3D1ACE842B5D3B7145747 /* ViewController.swift in Sources */ = {isa = PBXBuildFile; fileRef = 82900B876F0B87F2698E81A6 /* ViewController.swift */; };
		C265FA732AC3F66753DE97B0 /* iOSAppTemplateTests.swift in Sources */ = {isa = PBXBuildFile; fileRef = CDA278F046C023E5FEE94962 /* iOSAppTemplateTests.swift */; };
		F9AE660ED1E57AA8B577C444 /* LaunchScreen.storyboard in Resources */ = {isa = PBXBuildFile; fileRef = 62A77BD1D640C567B151D316 /* LaunchScreen.storyboard */; };
/* End PBXBuildFile section */

/* Begin PBXContainerItemProxy section */
		D7B39BB517965E8AF8AA22CA /* PBXContainerItemProxy */ = {
			isa = PBXContainerItemProxy;
			containerPortal = 536C21A44EC3771589A248FF /* Project object */;
			proxyType = 1;
			remoteGlobalIDString = 5D70EC0AE5CBA4D9275D03C6;
			remoteInfo = iOSAppTemplate;
		};
		EFECAECE9A674FE7B16BB56D /* PBXContainerItemProxy */ = {
			isa = PBXContainerItemProxy;
			containerPortal = 536C21A44EC3771589A248FF /* Project object */;
			proxyType = 1;
			remoteGlobalIDString = 5D70EC0AE5CBA4D9275D03C6;
			remoteInfo = iOSAppTemplate;
		};
/* End PBXContainerItemProxy section */

/* Begin PBXFileReference section */
		16EEEC7F6C4CE8D27998BA59 /* iOSAppTemplateTests.xctest */ = {isa = PBXFileReference; includeInIndex = 0; lastKnownFileType = wrapper.cfbundle; path = iOSAppTemplateTests.xctest; sourceTree = BUILT_PRODUCTS_DIR; };
		2EAEF0ACB288F8F30EA4834F /* iOSAppTemplateUITestsLaunchTests.swift */ = {isa = PBXFileReference; lastKnownFileType = sourcecode.swift; path = iOSAppTemplateUITestsLaunchTests.swift; sourceTree = "<group>"; };
		7B150FA5F85DB156D29BAA19 /* Base */ = {isa = PBXFileReference; lastKnownFileType = file.storyboard; name = Base; path = Base.lproj/LaunchScreen.storyboard; sourceTree = "<group>"; };
		82900B876F0B87F2698E81A6 /* ViewController.swift */ = {isa = PBXFileReference; lastKnownFileType = sourcecode.swift; path = ViewController.swift; sourceTree = "<group>"; };
		86ADB87F4E1310D318669ADD /* AppDelegate.swift */ = {isa = PBXFileReference; lastKnownFileType = sourcecode.swift; path = AppDelegate.swift; sourceTree = "<group>"; };
		9391BECD6D2A60D983213145 /* Info.plist */ = {isa = PBXFileReference; lastKnownFileType = text.plist; path = Info.plist; sourceTree = "<group>"; };
		A493C026173A749DD0176C42 /* iOSAppTemplateUITests.swift */ = {isa = PBXFileReference; lastKnownFileType = sourcecode.swift; path = iOSAppTemplateUITests.swift; sourceTree = "<group>"; };
		A99126A157E3A4B9D887D04F /* iOSAppTemplate.app */ = {isa = PBXFileReference; includeInIndex = 0; lastKnownFileType = wrapper.application; path = iOSAppTemplate.app; sourceTree = BUILT_PRODUCTS_DIR; };
		BB2E54E33F423F22B68C0907 /* SceneDelegate.swift */ = {isa = PBXFileReference; lastKnownFileType = sourcecode.swift; path = SceneDelegate.swift; sourceTree = "<group>"; };
		C3C97FB5A295111C46DD672B /* iOSAppTemplateUITests.xctest */ = {isa = PBXFileReference; includeInIndex = 0; lastKnownFileType = wrapper.cfbundle; path = iOSAppTemplateUITests.xctest; sourceTree = BUILT_PRODUCTS_DIR; };
		CDA278F046C023E5FEE94962 /* iOSAppTemplateTests.swift */ = {isa = PBXFileReference; lastKnownFileType = sourcecode.swift; path = iOSAppTemplateTests.swift; sourceTree = "<group>"; };
		F9EE0325CA58B8C3A8F5F467 /* Assets.xcassets */ = {isa = PBXFileReference; lastKnownFileType = folder.assetcatalog; path = Assets.xcassets; sourceTree = "<group>"; };
/* End PBXFileReference section */

/* Begin PBXGroup section */
		37BF32AAFEADF1F1B40350FF /* iOSAppTemplateUITests */ = {
			isa = PBXGroup;
			children = (
				A493C026173A749DD0176C42 /* iOSAppTemplateUITests.swift */,
				2EAEF0ACB288F8F30EA4834F /* iOSAppTemplateUITestsLaunchTests.swift */,
			);
			path = iOSAppTemplateUITests;
			sourceTree = "<group>";
		};
		8DB41012E3CDF64FB51B6E7A /* iOSAppTemplate */ = {
			isa = PBXGroup;
			children = (
				86ADB87F4E1310D318669ADD /* AppDelegate.swift */,
				F9EE0325CA58B8C3A8F5F467 /* Assets.xcassets */,
				9391BECD6D2A60D983213145 /* Info.plist */,
				62A77BD1D640C567B151D316 /* LaunchScreen.storyboard */,
				BB2E54E33F423F22B68C0907 /* SceneDelegate.swift */,
				82900B876F0B87F2698E81A6 /* ViewController.swift */,
			);
			path = iOSAppTemplate;
			sourceTree = "<group>";
		};
		AB73BF50D9B08A039291D92A /* iOSAppTemplateTests */ = {
			isa = PBXGroup;
			children = (
				CDA278F046C023E5FEE94962 /* iOSAppTemplateTests.swift */,
			);
			path = iOSAppTemplateTests;
			sourceTree = "<group>";
		};
		C0EFD1C770B1A1720285A38E = {
			isa = PBXGroup;
			children = (
				8DB41012E3CDF64FB51B6E7A /* iOSAppTemplate */,
				AB73BF50D9B08A039291D92A /* iOSAppTemplateTests */,
				37BF32AAFEADF1F1B40350FF /* iOSAppTemplateUITests */,
				DF10C159EB5C595B1C70020F /* Products */,
			);
			sourceTree = "<group>";
		};
		DF10C159EB5C595B1C70020F /* Products */ = {
			isa = PBXGroup;
			children = (
				A99126A157E3A4B9D887D04F /* iOSAppTemplate.app */,
				16EEEC7F6C4CE8D27998BA59 /* iOSAppTemplateTests.xctest */,
				C3C97FB5A295111C46DD672B /* iOSAppTemplateUITests.xctest */,
			);
			name = Products;
			sourceTree = "<group>";
		};
/* End PBXGroup section */

/* Begin PBXNativeTarget section */
		4AEBEDF6E243E6B97ADDB381 /* iOSAppTemplateTests */ = {
			isa = PBXNativeTarget;
			buildConfigurationList = 81BE2D5691BBB342F346ECB7 /* Build configuration list for PBXNativeTarget "iOSAppTemplateTests" */;
			buildPhases = (
				2B13FC1BCE35AB8AEF9BB854 /* Sources */,
			);
			buildRules = (
			);
			dependencies = (
				431DBB7A9650CB6DFE4BC7A8 /* PBXTargetDependency */,
			);
			name = iOSAppTemplateTests;
			productName = iOSAppTemplateTests;
			productReference = 16EEEC7F6C4CE8D27998BA59 /* iOSAppTemplateTests.xctest */;
			productType = "com.apple.product-type.bundle.unit-test";
		};
		58FF17FB21FEF5390EF0BAA9 /* iOSAppTemplateUITests */ = {
			isa = PBXNativeTarget;
			buildConfigurationList = FB481A2646DDCBD007063413 /* Build configuration list for PBXNativeTarget "iOSAppTemplateUITests" */;
			buildPhases = (
				0E2B1D2120723A4703392643 /* Sources */,
			);
			buildRules = (
			);
			dependencies = (
				D220454A2EA62BC64BB6501C /* PBXTargetDependency */,
			);
			name = iOSAppTemplateUITests;
			productName = iOSAppTemplateUITests;
			productReference = C3C97FB5A295111C46DD672B /* iOSAppTemplateUITests.xctest */;
			productType = "com.apple.product-type.bundle.ui-testing";
		};
		5D70EC0AE5CBA4D9275D03C6 /* iOSAppTemplate */ = {
			isa = PBXNativeTarget;
			buildConfigurationList = 406EFCE3068CF7AF7710912B /* Build configuration list for PBXNativeTarget "iOSAppTemplate" */;
			buildPhases = (
				BDF6128FE361137EFC7BC61E /* Sources */,
				6BEE3C706B7675A5EEAD83D1 /* Resources */,
			);
			buildRules = (
			);
			dependencies = (
			);
			name = iOSAppTemplate;
			productName = iOSAppTemplate;
			productReference = A99126A157E3A4B9D887D04F /* iOSAppTemplate.app */;
			productType = "com.apple.product-type.application";
		};
/* End PBXNativeTarget section */

/* Begin PBXProject section */
		536C21A44EC3771589A248FF /* Project object */ = {
			isa = PBXProject;
			attributes = {
				LastUpgradeCheck = 1200;
				TargetAttributes = {
					58FF17FB21FEF5390EF0BAA9 = {
						TestTargetID = 5D70EC0AE5CBA4D9275D03C6;
					};
				};
			};
			buildConfigurationList = FDC4B09374BB2A29DFEF1F8A /* Build configuration list for PBXProject "iOSAppTemplate" */;
			compatibilityVersion = "Xcode 11.0";
			developmentRegion = en;
			hasScannedForEncodings = 0;
			knownRegions = (
				Base,
				en,
			);
			mainGroup = C0EFD1C770B1A1720285A38E;
			projectDirPath = "";
			projectRoot = "";
			targets = (
				5D70EC0AE5CBA4D9275D03C6 /* iOSAppTemplate */,
				4AEBEDF6E243E6B97ADDB381 /* iOSAppTemplateTests */,
				58FF17FB21FEF5390EF0BAA9 /* iOSAppTemplateUITests */,
			);
		};
/* End PBXProject section */

/* Begin PBXResourcesBuildPhase section */
		6BEE3C706B7675A5EEAD83D1 /* Resources */ = {
			isa = PBXResourcesBuildPhase;
			buildActionMask = 2147483647;
			files = (
				6636AD9DFB5328619301FD43 /* Assets.xcassets in Resources */,
				F9AE660ED1E57AA8B577C444 /* LaunchScreen.storyboard in Resources */,
			);
			runOnlyForDeploymentPostprocessing = 0;
		};
/* End PBXResourcesBuildPhase section */

/* Begin PBXSourcesBuildPhase section */
		0E2B1D2120723A4703392643 /* Sources */ = {
			isa = PBXSourcesBuildPhase;
			buildActionMask = 2147483647;
			files = (
				1DAA5F5CD058E5B7A04B06C0 /* iOSAppTemplateUITests.swift in Sources */,
				58728DE0E0AFCB5964F96ABF /* iOSAppTemplateUITestsLaunchTests.swift in Sources */,
			);
			runOnlyForDeploymentPostprocessing = 0;
		};
		2B13FC1BCE35AB8AEF9BB854 /* Sources */ = {
			isa = PBXSourcesBuildPhase;
			buildActionMask = 2147483647;
			files = (
				C265FA732AC3F66753DE97B0 /* iOSAppTemplateTests.swift in Sources */,
			);
			runOnlyForDeploymentPostprocessing = 0;
		};
		BDF6128FE361137EFC7BC61E /* Sources */ = {
			isa = PBXSourcesBuildPhase;
			buildActionMask = 2147483647;
			files = (
				71E9BAD1A9BD8BB30332052A /* AppDelegate.swift in Sources */,
				436C947B3EB8CFA601A1FB83 /* SceneDelegate.swift in Sources */,
				B9D3D1ACE842B5D3B7145747 /* ViewController.swift in Sources */,
			);
			runOnlyForDeploymentPostprocessing = 0;
		};
/* End PBXSourcesBuildPhase section */

/* Begin PBXTargetDependency section */
		431DBB7A9650CB6DFE4BC7A8 /* PBXTargetDependency */ = {
			isa = PBXTargetDependency;
			target = 5D70EC0AE5CBA4D9275D03C6 /* iOSAppTemplate */;
			targetProxy = EFECAECE9A674FE7B16BB56D /* PBXContainerItemProxy */;
		};
		D220454A2EA62BC64BB6501C /* PBXTargetDependency */ = {
			isa = PBXTargetDependency;
			target = 5D70EC0AE5CBA4D9275D03C6 /* iOSAppTemplate */;
			targetProxy = D7B39BB517965E8AF8AA22CA /* PBXContainerItemProxy */;
		};
/* End PBXTargetDependency section */

/* Begin PBXVariantGroup section */
		62A77BD1D640C567B151D316 /* LaunchScreen.storyboard */ = {
			isa = PBXVariantGroup;
			children = (
				7B150FA5F85DB156D29BAA19 /* Base */,
			);
			name = LaunchScreen.storyboard;
			sourceTree = "<group>";
		};
/* End PBXVariantGroup section */

/* Begin XCBuildConfiguration section */
		79CE482EE0349D3A79D00EE5 /* Release */ = {
			isa = XCBuildConfiguration;
			buildSettings = {
				BUNDLE_LOADER = "$(TEST_HOST)";
				IPHONEOS_DEPLOYMENT_TARGET = 15.0;
				LD_RUNPATH_SEARCH_PATHS = (
					"$(inherited)",
					"@executable_path/Frameworks",
					"@loader_path/Frameworks",
				);
				PRODUCT_BUNDLE_IDENTIFIER = com.alexkolov.iOSAppTemplateUITests;
				SDKROOT = iphoneos;
				TARGETED_DEVICE_FAMILY = "1,2";
				TEST_TARGET_NAME = iOSAppTemplate;
			};
			name = Release;
		};
		8559DCAD2378EEEF3270AF34 /* Release */ = {
			isa = XCBuildConfiguration;
			buildSettings = {
				ASSETCATALOG_COMPILER_APPICON_NAME = AppIcon;
				CODE_SIGN_IDENTITY = "iPhone Developer";
				INFOPLIST_FILE = iOSAppTemplate/Info.plist;
				IPHONEOS_DEPLOYMENT_TARGET = 15.0;
				LD_RUNPATH_SEARCH_PATHS = (
					"$(inherited)",
					"@executable_path/Frameworks",
				);
				PRODUCT_BUNDLE_IDENTIFIER = com.alexkolov.iOSAppTemplate;
				SDKROOT = iphoneos;
				TARGETED_DEVICE_FAMILY = "1,2";
			};
			name = Release;
		};
		8A1A2F1E323FF38D8496729F /* Release */ = {
			isa = XCBuildConfiguration;
			buildSettings = {
				ALWAYS_SEARCH_USER_PATHS = NO;
				CLANG_ANALYZER_NONNULL = YES;
				CLANG_ANALYZER_NUMBER_OBJECT_CONVERSION = YES_AGGRESSIVE;
				CLANG_CXX_LANGUAGE_STANDARD = "gnu++14";
				CLANG_CXX_LIBRARY = "libc++";
				CLANG_ENABLE_MODULES = YES;
				CLANG_ENABLE_OBJC_ARC = YES;
				CLANG_ENABLE_OBJC_WEAK = YES;
				CLANG_WARN_BLOCK_CAPTURE_AUTORELEASING = YES;
				CLANG_WARN_BOOL_CONVERSION = YES;
				CLANG_WARN_COMMA = YES;
				CLANG_WARN_CONSTANT_CONVERSION = YES;
				CLANG_WARN_DEPRECATED_OBJC_IMPLEMENTATIONS = YES;
				CLANG_WARN_DIRECT_OBJC_ISA_USAGE = YES_ERROR;
				CLANG_WARN_DOCUMENTATION_COMMENTS = YES;
				CLANG_WARN_EMPTY_BODY = YES;
				CLANG_WARN_ENUM_CONVERSION = YES;
				CLANG_WARN_INFINITE_RECURSION = YES;
				CLANG_WARN_INT_CONVERSION = YES;
				CLANG_WARN_NON_LITERAL_NULL_CONVERSION = YES;
				CLANG_WARN_OBJC_IMPLICIT_RETAIN_SELF = YES;
				CLANG_WARN_OBJC_LITERAL_CONVERSION = YES;
				CLANG_WARN_OBJC_ROOT_CLASS = YES_ERROR;
				CLANG_WARN_QUOTED_INCLUDE_IN_FRAMEWORK_HEADER = YES;
				CLANG_WARN_RANGE_LOOP_ANALYSIS = YES;
				CLANG_WARN_STRICT_PROTOTYPES = YES;
				CLANG_WARN_SUSPICIOUS_MOVE = YES;
				CLANG_WARN_UNGUARDED_AVAILABILITY = YES_AGGRESSIVE;
				CLANG_WARN_UNREACHABLE_CODE = YES;
				CLANG_WARN__DUPLICATE_METHOD_MATCH = YES;
				COPY_PHASE_STRIP = NO;
				DEBUG_INFORMATION_FORMAT = "dwarf-with-dsym";
				ENABLE_NS_ASSERTIONS = NO;
				ENABLE_STRICT_OBJC_MSGSEND = YES;
				GCC_C_LANGUAGE_STANDARD = gnu11;
				GCC_NO_COMMON_BLOCKS = YES;
				GCC_WARN_64_TO_32_BIT_CONVERSION = YES;
				GCC_WARN_ABOUT_RETURN_TYPE = YES_ERROR;
				GCC_WARN_UNDECLARED_SELECTOR = YES;
				GCC_WARN_UNINITIALIZED_AUTOS = YES_AGGRESSIVE;
				GCC_WARN_UNUSED_FUNCTION = YES;
				GCC_WARN_UNUSED_VARIABLE = YES;
				MTL_ENABLE_DEBUG_INFO = NO;
				MTL_FAST_MATH = YES;
				PRODUCT_NAME = "$(TARGET_NAME)";
				SDKROOT = iphoneos;
				SWIFT_COMPILATION_MODE = wholemodule;
				SWIFT_OPTIMIZATION_LEVEL = "-O";
				SWIFT_VERSION = 5.0;
			};
			name = Release;
		};
		A0D13E32C4EC3EE674DF3E71 /* Debug */ = {
			isa = XCBuildConfiguration;
			buildSettings = {
				BUNDLE_LOADER = "$(TEST_HOST)";
				IPHONEOS_DEPLOYMENT_TARGET = 15.0;
				LD_RUNPATH_SEARCH_PATHS = (
					"$(inherited)",
					"@executable_path/Frameworks",
					"@loader_path/Frameworks",
				);
				PRODUCT_BUNDLE_IDENTIFIER = com.alexkolov.iOSAppTemplateTests;
				SDKROOT = iphoneos;
				TARGETED_DEVICE_FAMILY = "1,2";
				TEST_HOST = "$(BUILT_PRODUCTS_DIR)/iOSAppTemplate.app/iOSAppTemplate";
			};
			name = Debug;
		};
		B950773AA5C81A8213600671 /* Release */ = {
			isa = XCBuildConfiguration;
			buildSettings = {
				BUNDLE_LOADER = "$(TEST_HOST)";
				IPHONEOS_DEPLOYMENT_TARGET = 15.0;
				LD_RUNPATH_SEARCH_PATHS = (
					"$(inherited)",
					"@executable_path/Frameworks",
					"@loader_path/Frameworks",
				);
				PRODUCT_BUNDLE_IDENTIFIER = com.alexkolov.iOSAppTemplateTests;
				SDKROOT = iphoneos;
				TARGETED_DEVICE_FAMILY = "1,2";
				TEST_HOST = "$(BUILT_PRODUCTS_DIR)/iOSAppTemplate.app/iOSAppTemplate";
			};
			name = Release;
		};
		BCD923733E6DB806D2D78C55 /* Debug */ = {
			isa = XCBuildConfiguration;
			buildSettings = {
				ALWAYS_SEARCH_USER_PATHS = NO;
				CLANG_ANALYZER_NONNULL = YES;
				CLANG_ANALYZER_NUMBER_OBJECT_CONVERSION = YES_AGGRESSIVE;
				CLANG_CXX_LANGUAGE_STANDARD = "gnu++14";
				CLANG_CXX_LIBRARY = "libc++";
				CLANG_ENABLE_MODULES = YES;
				CLANG_ENABLE_OBJC_ARC = YES;
				CLANG_ENABLE_OBJC_WEAK = YES;
				CLANG_WARN_BLOCK_CAPTURE_AUTORELEASING = YES;
				CLANG_WARN_BOOL_CONVERSION = YES;
				CLANG_WARN_COMMA = YES;
				CLANG_WARN_CONSTANT_CONVERSION = YES;
				CLANG_WARN_DEPRECATED_OBJC_IMPLEMENTATIONS = YES;
				CLANG_WARN_DIRECT_OBJC_ISA_USAGE = YES_ERROR;
				CLANG_WARN_DOCUMENTATION_COMMENTS = YES;
				CLANG_WARN_EMPTY_BODY = YES;
				CLANG_WARN_ENUM_CONVERSION = YES;
				CLANG_WARN_INFINITE_RECURSION = YES;
				CLANG_WARN_INT_CONVERSION = YES;
				CLANG_WARN_NON_LITERAL_NULL_CONVERSION = YES;
				CLANG_WARN_OBJC_IMPLICIT_RETAIN_SELF = YES;
				CLANG_WARN_OBJC_LITERAL_CONVERSION = YES;
				CLANG_WARN_OBJC_ROOT_CLASS = YES_ERROR;
				CLANG_WARN_QUOTED_INCLUDE_IN_FRAMEWORK_HEADER = YES;
				CLANG_WARN_RANGE_LOOP_ANALYSIS = YES;
				CLANG_WARN_STRICT_PROTOTYPES = YES;
				CLANG_WARN_SUSPICIOUS_MOVE = YES;
				CLANG_WARN_UNGUARDED_AVAILABILITY = YES_AGGRESSIVE;
				CLANG_WARN_UNREACHABLE_CODE = YES;
				CLANG_WARN__DUPLICATE_METHOD_MATCH = YES;
				COPY_PHASE_STRIP = NO;
				DEBUG_INFORMATION_FORMAT = dwarf;
				ENABLE_STRICT_OBJC_MSGSEND = YES;
				ENABLE_TESTABILITY = YES;
				GCC_C_LANGUAGE_STANDARD = gnu11;
				GCC_DYNAMIC_NO_PIC = NO;
				GCC_NO_COMMON_BLOCKS = YES;
				GCC_OPTIMIZATION_LEVEL = 0;
				GCC_PREPROCESSOR_DEFINITIONS = (
					"$(inherited)",
					"DEBUG=1",
				);
				GCC_WARN_64_TO_32_BIT_CONVERSION = YES;
				GCC_WARN_ABOUT_RETURN_TYPE = YES_ERROR;
				GCC_WARN_UNDECLARED_SELECTOR = YES;
				GCC_WARN_UNINITIALIZED_AUTOS = YES_AGGRESSIVE;
				GCC_WARN_UNUSED_FUNCTION = YES;
				GCC_WARN_UNUSED_VARIABLE = YES;
				MTL_ENABLE_DEBUG_INFO = INCLUDE_SOURCE;
				MTL_FAST_MATH = YES;
				ONLY_ACTIVE_ARCH = YES;
				PRODUCT_NAME = "$(TARGET_NAME)";
				SDKROOT = iphoneos;
				SWIFT_ACTIVE_COMPILATION_CONDITIONS = DEBUG;
				SWIFT_OPTIMIZATION_LEVEL = "-Onone";
				SWIFT_VERSION = 5.0;
			};
			name = Debug;
		};
		EFA447A311D93487075066D6 /* Debug */ = {
			isa = XCBuildConfiguration;
			buildSettings = {
				ASSETCATALOG_COMPILER_APPICON_NAME = AppIcon;
				CODE_SIGN_IDENTITY = "iPhone Developer";
				INFOPLIST_FILE = iOSAppTemplate/Info.plist;
				IPHONEOS_DEPLOYMENT_TARGET = 15.0;
				LD_RUNPATH_SEARCH_PATHS = (
					"$(inherited)",
					"@executable_path/Frameworks",
				);
				PRODUCT_BUNDLE_IDENTIFIER = com.alexkolov.iOSAppTemplate;
				SDKROOT = iphoneos;
				TARGETED_DEVICE_FAMILY = "1,2";
			};
			name = Debug;
		};
		F7E6B40458774ED52FECBD54 /* Debug */ = {
			isa = XCBuildConfiguration;
			buildSettings = {
				BUNDLE_LOADER = "$(TEST_HOST)";
				IPHONEOS_DEPLOYMENT_TARGET = 15.0;
				LD_RUNPATH_SEARCH_PATHS = (
					"$(inherited)",
					"@executable_path/Frameworks",
					"@loader_path/Frameworks",
				);
				PRODUCT_BUNDLE_IDENTIFIER = com.alexkolov.iOSAppTemplateUITests;
				SDKROOT = iphoneos;
				TARGETED_DEVICE_FAMILY = "1,2";
				TEST_TARGET_NAME = iOSAppTemplate;
			};
			name = Debug;
		};
/* End XCBuildConfiguration section */

/* Begin XCConfigurationList section */
		406EFCE3068CF7AF7710912B /* Build configuration list for PBXNativeTarget "iOSAppTemplate" */ = {
			isa = XCConfigurationList;
			buildConfigurations = (
				EFA447A311D93487075066D6 /* Debug */,
				8559DCAD2378EEEF3270AF34 /* Release */,
			);
			defaultConfigurationIsVisible = 0;
			defaultConfigurationName = Debug;
		};
		81BE2D5691BBB342F346ECB7 /* Build configuration list for PBXNativeTarget "iOSAppTemplateTests" */ = {
			isa = XCConfigurationList;
			buildConfigurations = (
				A0D13E32C4EC3EE674DF3E71 /* Debug */,
				B950773AA5C81A8213600671 /* Release */,
			);
			defaultConfigurationIsVisible = 0;
			defaultConfigurationName = Debug;
		};
		FB481A2646DDCBD007063413 /* Build configuration list for PBXNativeTarget "iOSAppTemplateUITests" */ = {
			isa = XCConfigurationList;
			buildConfigurations = (
				F7E6B40458774ED52FECBD54 /* Debug */,
				79CE482EE0349D3A79D00EE5 /* Release */,
			);
			defaultConfigurationIsVisible = 0;
			defaultConfigurationName = Debug;
		};
		FDC4B09374BB2A29DFEF1F8A /* Build configuration list for PBXProject "iOSAppTemplate" */ = {
			isa = XCConfigurationList;
			buildConfigurations = (
				BCD923733E6DB806D2D78C55 /* Debug */,
				8A1A2F1E323FF38D8496729F /* Release */,
			);
			defaultConfigurationIsVisible = 0;
			defaultConfigurationName = Debug;
		};
/* End XCConfigurationList section */
	};
	rootObject = 536C21A44EC3771589A248FF /* Project object */;
}
